
Microsoft Visual Studio Solution File, Format Version 12.00
# Visual Studio 15
VisualStudioVersion = 15.0.28307.421
MinimumVisualStudioVersion = 10.0.40219.1
Project("{FAE04EC0-301F-11D3-BF4B-00C04F79EFBC}") = "BillingCore", "BillingCore\BillingCore.csproj", "{89C1A0AB-2CB5-43DE-AD32-F6A8D21E7939}"
EndProject
Project("{FAE04EC0-301F-11D3-BF4B-00C04F79EFBC}") = "BillingServiceHost", "BillingServiceHost\BillingServiceHost.csproj", "{B97FA3A7-1D1F-4FF3-93ED-3FCF80B4C583}"
EndProject
Project("{FAE04EC0-301F-11D3-BF4B-00C04F79EFBC}") = "FrontendAPI", "FrontendAPI\FrontendAPI.csproj", "{C1BF61B2-6BA9-412F-B204-F33D7020E377}"
EndProject
Project("{FAE04EC0-301F-11D3-BF4B-00C04F79EFBC}") = "ProjectsTests", "ProjectsTests\ProjectsTests.csproj", "{9E8A2432-366D-417A-AFB1-B6A391DA673B}"
EndProject
Global
	GlobalSection(SolutionConfigurationPlatforms) = preSolution
		Debug|Any CPU = Debug|Any CPU
		Release|Any CPU = Release|Any CPU
	EndGlobalSection
	GlobalSection(ProjectConfigurationPlatforms) = postSolution
		{89C1A0AB-2CB5-43DE-AD32-F6A8D21E7939}.Debug|Any CPU.ActiveCfg = Debug|Any CPU
		{89C1A0AB-2CB5-43DE-AD32-F6A8D21E7939}.Debug|Any CPU.Build.0 = Debug|Any CPU
		{89C1A0AB-2CB5-43DE-AD32-F6A8D21E7939}.Release|Any CPU.ActiveCfg = Release|Any CPU
		{89C1A0AB-2CB5-43DE-AD32-F6A8D21E7939}.Release|Any CPU.Build.0 = Release|Any CPU
		{B97FA3A7-1D1F-4FF3-93ED-3FCF80B4C583}.Debug|Any CPU.ActiveCfg = Debug|Any CPU
		{B97FA3A7-1D1F-4FF3-93ED-3FCF80B4C583}.Debug|Any CPU.Build.0 = Debug|Any CPU
		{B97FA3A7-1D1F-4FF3-93ED-3FCF80B4C583}.Release|Any CPU.ActiveCfg = Release|Any CPU
		{B97FA3A7-1D1F-4FF3-93ED-3FCF80B4C583}.Release|Any CPU.Build.0 = Release|Any CPU
		{C1BF61B2-6BA9-412F-B204-F33D7020E377}.Debug|Any CPU.ActiveCfg = Debug|Any CPU
		{C1BF61B2-6BA9-412F-B204-F33D7020E377}.Debug|Any CPU.Build.0 = Debug|Any CPU
		{C1BF61B2-6BA9-412F-B204-F33D7020E377}.Release|Any CPU.ActiveCfg = Release|Any CPU
		{C1BF61B2-6BA9-412F-B204-F33D7020E377}.Release|Any CPU.Build.0 = Release|Any CPU
		{9E8A2432-366D-417A-AFB1-B6A391DA673B}.Debug|Any CPU.ActiveCfg = Debug|Any CPU
		{9E8A2432-366D-417A-AFB1-B6A391DA673B}.Debug|Any CPU.Build.0 = Debug|Any CPU
		{9E8A2432-366D-417A-AFB1-B6A391DA673B}.Release|Any CPU.ActiveCfg = Release|Any CPU
		{9E8A2432-366D-417A-AFB1-B6A391DA673B}.Release|Any CPU.Build.0 = Release|Any CPU
	EndGlobalSection
	GlobalSection(SolutionProperties) = preSolution
		HideSolutionNode = FALSE
	EndGlobalSection
	GlobalSection(ExtensibilityGlobals) = postSolution
		SolutionGuid = {55B7C2FA-D281-4761-8C93-8073EE682D9F}
	EndGlobalSection
EndGlobal
